
Microsoft Visual Studio Solution File, Format Version 12.00
# Visual Studio Version 17
VisualStudioVersion = 17.3.32929.385
MinimumVisualStudioVersion = 10.0.40219.1
Project("{FAE04EC0-301F-11D3-BF4B-00C04F79EFBC}") = "ConsoleApp1", "ConsoleApp1\ConsoleApp1.csproj", "{298C6416-0CBB-4E32-9EA6-8CA7F5C9BB0E}"
EndProject
Global
	GlobalSection(SolutionConfigurationPlatforms) = preSolution
		Debug|Any CPU = Debug|Any CPU
		Release|Any CPU = Release|Any CPU
	EndGlobalSection
	GlobalSection(ProjectConfigurationPlatforms) = postSolution
		{298C6416-0CBB-4E32-9EA6-8CA7F5C9BB0E}.Debug|Any CPU.ActiveCfg = Debug|Any CPU
		{298C6416-0CBB-4E32-9EA6-8CA7F5C9BB0E}.Debug|Any CPU.Build.0 = Debug|Any CPU
		{298C6416-0CBB-4E32-9EA6-8CA7F5C9BB0E}.Release|Any CPU.ActiveCfg = Release|Any CPU
		{298C6416-0CBB-4E32-9EA6-8CA7F5C9BB0E}.Release|Any CPU.Build.0 = Release|Any CPU
	EndGlobalSection
	GlobalSection(SolutionProperties) = preSolution
		HideSolutionNode = FALSE
	EndGlobalSection
	GlobalSection(ExtensibilityGlobals) = postSolution
		SolutionGuid = {760F3BD6-DE65-4119-8C40-FA2E2406BDE6}
	EndGlobalSection
EndGlobal
